schema: '2.0'
stages:
  preprocess:
    cmd: python preprocess.py
    deps:
    - path: data/metadata
      hash: md5
      md5: a1550e4537fb863aafb4048882b4cae6.dir
      size: 390
      nfiles: 1
    - path: data/papers
      hash: md5
      md5: bcfa9777abbbeb8daf0c918698062496.dir
      size: 4754763
      nfiles: 3
    - path: data/reviews
      hash: md5
      md5: d258e6e9f263a6af1ba06cf8d22048a7.dir
      size: 2533
      nfiles: 1
    - path: preprocess.py
      hash: md5
      md5: 5fbdbc8a2e03a9cdbb50bd74a9f6224f
      size: 2568
    outs:
    - path: data/corpus/result.json
      hash: md5
      md5: 52ac565e2a366f3397fd337556f3f9e0
      size: 420701
    - path: data/saved/index.faiss
      hash: md5
      md5: 1fe0fbaccd6475ba709dfc94cc855b6b
      size: 307245
  retrieve:
    cmd: python main.py
    deps:
    - path: data/corpus/result.json
      hash: md5
      md5: 52ac565e2a366f3397fd337556f3f9e0
      size: 420701
    - path: data/saved/index.faiss
      hash: md5
      md5: 1fe0fbaccd6475ba709dfc94cc855b6b
      size: 307245
    - path: main.py
      hash: md5
      md5: a531dca3c26261c125ab7faaf95416ff
      size: 1290
